
Microsoft Visual Studio Solution File, Format Version 12.00
# Visual Studio Version 17
VisualStudioVersion = 17.2.32519.379
MinimumVisualStudioVersion = 10.0.40219.1
Project("{FAE04EC0-301F-11D3-BF4B-00C04F79EFBC}") = "autoSpamMessenger", "autoSpamMessenger\autoSpamMessenger.csproj", "{6C846EFD-D39E-4A04-AF46-3C46D92929EF}"
EndProject
Global
	GlobalSection(SolutionConfigurationPlatforms) = preSolution
		Debug|Any CPU = Debug|Any CPU
		Release|Any CPU = Release|Any CPU
	EndGlobalSection
	GlobalSection(ProjectConfigurationPlatforms) = postSolution
		{6C846EFD-D39E-4A04-AF46-3C46D92929EF}.Debug|Any CPU.ActiveCfg = Debug|Any CPU
		{6C846EFD-D39E-4A04-AF46-3C46D92929EF}.Debug|Any CPU.Build.0 = Debug|Any CPU
		{6C846EFD-D39E-4A04-AF46-3C46D92929EF}.Release|Any CPU.ActiveCfg = Release|Any CPU
		{6C846EFD-D39E-4A04-AF46-3C46D92929EF}.Release|Any CPU.Build.0 = Release|Any CPU
	EndGlobalSection
	GlobalSection(SolutionProperties) = preSolution
		HideSolutionNode = FALSE
	EndGlobalSection
	GlobalSection(ExtensibilityGlobals) = postSolution
		SolutionGuid = {785D02AE-7D80-43C2-9D41-332D195A3876}
	EndGlobalSection
EndGlobal
